
Microsoft Visual Studio Solution File, Format Version 12.00
# Visual Studio Version 17
VisualStudioVersion = 17.2.32616.157
MinimumVisualStudioVersion = 10.0.40219.1
Project("{FAE04EC0-301F-11D3-BF4B-00C04F79EFBC}") = "Return Negative", "Return Negative\Return Negative.csproj", "{8308B591-6ACB-43B4-A484-E40F03E854B6}"
EndProject
Global
	GlobalSection(SolutionConfigurationPlatforms) = preSolution
		Debug|Any CPU = Debug|Any CPU
		Release|Any CPU = Release|Any CPU
	EndGlobalSection
	GlobalSection(ProjectConfigurationPlatforms) = postSolution
		{8308B591-6ACB-43B4-A484-E40F03E854B6}.Debug|Any CPU.ActiveCfg = Debug|Any CPU
		{8308B591-6ACB-43B4-A484-E40F03E854B6}.Debug|Any CPU.Build.0 = Debug|Any CPU
		{8308B591-6ACB-43B4-A484-E40F03E854B6}.Release|Any CPU.ActiveCfg = Release|Any CPU
		{8308B591-6ACB-43B4-A484-E40F03E854B6}.Release|Any CPU.Build.0 = Release|Any CPU
	EndGlobalSection
	GlobalSection(SolutionProperties) = preSolution
		HideSolutionNode = FALSE
	EndGlobalSection
	GlobalSection(ExtensibilityGlobals) = postSolution
		SolutionGuid = {90F642C8-C2C2-49B4-9113-B7F59AFF0CF0}
	EndGlobalSection
EndGlobal
